
Microsoft Visual Studio Solution File, Format Version 12.00
# Visual Studio Version 16
VisualStudioVersion = 16.0.29102.190
MinimumVisualStudioVersion = 10.0.40219.1
Project("{9A19103F-16F7-4668-BE54-9A1E7A4F7556}") = "Platform.Random", "csharp\Platform.Random\Platform.Random.csproj", "{7861CB2D-945E-49C9-AED6-39E478F1E706}"
EndProject
Project("{FAE04EC0-301F-11D3-BF4B-00C04F79EFBC}") = "Platform.Random.Tests", "csharp\Platform.Random.Tests\Platform.Random.Tests.csproj", "{182021D4-3D3B-4A0B-83F9-CE077812F727}"
EndProject
Global
	GlobalSection(SolutionConfigurationPlatforms) = preSolution
		Debug|Any CPU = Debug|Any CPU
		Release|Any CPU = Release|Any CPU
	EndGlobalSection
	GlobalSection(ProjectConfigurationPlatforms) = postSolution
		{7861CB2D-945E-49C9-AED6-39E478F1E706}.Debug|Any CPU.ActiveCfg = Debug|Any CPU
		{7861CB2D-945E-49C9-AED6-39E478F1E706}.Debug|Any CPU.Build.0 = Debug|Any CPU
		{7861CB2D-945E-49C9-AED6-39E478F1E706}.Release|Any CPU.ActiveCfg = Release|Any CPU
		{7861CB2D-945E-49C9-AED6-39E478F1E706}.Release|Any CPU.Build.0 = Release|Any CPU
		{182021D4-3D3B-4A0B-83F9-CE077812F727}.Debug|Any CPU.ActiveCfg = Debug|Any CPU
		{182021D4-3D3B-4A0B-83F9-CE077812F727}.Debug|Any CPU.Build.0 = Debug|Any CPU
		{182021D4-3D3B-4A0B-83F9-CE077812F727}.Release|Any CPU.ActiveCfg = Release|Any CPU
		{182021D4-3D3B-4A0B-83F9-CE077812F727}.Release|Any CPU.Build.0 = Release|Any CPU
	EndGlobalSection
	GlobalSection(SolutionProperties) = preSolution
		HideSolutionNode = FALSE
	EndGlobalSection
	GlobalSection(ExtensibilityGlobals) = postSolution
		SolutionGuid = {4C0DFD2F-7B29-4584-888A-9EB9EAAB01CE}
	EndGlobalSection
EndGlobal
